// !$*UTF8*$!
{
	archiveVersion = 1;
	classes = {
	};
	objectVersion = 51;
	objects = {

/* Begin PBXBuildFile section */
		863EA3E672275F8F560F5B8F /* Pods_UVU_Courses.framework in Frameworks */ = {isa = PBXBuildFile; fileRef = 3C3AA75F00E4B94FB17AA1A9 /* Pods_UVU_Courses.framework */; };
		DCB88F2D74B9270138C45587 /* Pods_UVU_CoursesTests.framework in Frameworks */ = {isa = PBXBuildFile; fileRef = D1A540B3997F088FD17B7E6B /* Pods_UVU_CoursesTests.framework */; };
		E3BC2698F268FCC92B33FE43 /* Pods_UVU_Courses_UVU_CoursesUITests.framework in Frameworks */ = {isa = PBXBuildFile; fileRef = 0FC205C4BB80264BB9BE0665 /* Pods_UVU_Courses_UVU_CoursesUITests.framework */; };
		FF1A4AA324BF3B2B0031331A /* AppDelegate.swift in Sources */ = {isa = PBXBuildFile; fileRef = FF1A4AA224BF3B2B0031331A /* AppDelegate.swift */; };
		FF1A4AA524BF3B2B0031331A /* SceneDelegate.swift in Sources */ = {isa = PBXBuildFile; fileRef = FF1A4AA424BF3B2B0031331A /* SceneDelegate.swift */; };
		FF1A4AAC24BF3B2C0031331A /* Main.storyboard in Resources */ = {isa = PBXBuildFile; fileRef = FF1A4AAA24BF3B2C0031331A /* Main.storyboard */; };
		FF1A4AAE24BF3B310031331A /* Assets.xcassets in Resources */ = {isa = PBXBuildFile; fileRef = FF1A4AAD24BF3B310031331A /* Assets.xcassets */; };
		FF1A4AB124BF3B310031331A /* LaunchScreen.storyboard in Resources */ = {isa = PBXBuildFile; fileRef = FF1A4AAF24BF3B310031331A /* LaunchScreen.storyboard */; };
		FF1A4ABC24BF3B310031331A /* UVU_CoursesTests.swift in Sources */ = {isa = PBXBuildFile; fileRef = FF1A4ABB24BF3B310031331A /* UVU_CoursesTests.swift */; };
		FF1A4AC724BF3B310031331A /* UVU_CoursesUITests.swift in Sources */ = {isa = PBXBuildFile; fileRef = FF1A4AC624BF3B310031331A /* UVU_CoursesUITests.swift */; };
		FF1A4AD724BF3C1B0031331A /* SearchTableViewController.swift in Sources */ = {isa = PBXBuildFile; fileRef = FF1A4AD624BF3C1B0031331A /* SearchTableViewController.swift */; };
		FF1A4AD924BF3C480031331A /* MyProfileViewController.swift in Sources */ = {isa = PBXBuildFile; fileRef = FF1A4AD824BF3C480031331A /* MyProfileViewController.swift */; };
		FF1A4ADC24BF3E850031331A /* CatalogTableViewController.swift in Sources */ = {isa = PBXBuildFile; fileRef = FF1A4ADB24BF3E850031331A /* CatalogTableViewController.swift */; };
		FF1A4ADE24BF449C0031331A /* Courses.swift in Sources */ = {isa = PBXBuildFile; fileRef = FF1A4ADD24BF449C0031331A /* Courses.swift */; };
		FF1A4AE024C0956D0031331A /* test.swift in Sources */ = {isa = PBXBuildFile; fileRef = FF1A4ADF24C0956D0031331A /* test.swift */; };
		FF1A4AE224C0C5420031331A /* CoursesTableViewController.swift in Sources */ = {isa = PBXBuildFile; fileRef = FF1A4AE124C0C5420031331A /* CoursesTableViewController.swift */; };
		FF1A4AE424C212730031331A /* CourseReviewsTableViewController.swift in Sources */ = {isa = PBXBuildFile; fileRef = FF1A4AE324C212730031331A /* CourseReviewsTableViewController.swift */; };
		FF1A4AE624C214170031331A /* AddReviewViewController.swift in Sources */ = {isa = PBXBuildFile; fileRef = FF1A4AE524C214170031331A /* AddReviewViewController.swift */; };
		FFFBE0C624C87E0500B0CB17 /* Review.swift in Sources */ = {isa = PBXBuildFile; fileRef = FFFBE0C524C87E0500B0CB17 /* Review.swift */; };
		FFFBE0C824C8825100B0CB17 /* GoogleService-Info.plist in Resources */ = {isa = PBXBuildFile; fileRef = FFFBE0C724C8825000B0CB17 /* GoogleService-Info.plist */; };
/* End PBXBuildFile section */

/* Begin PBXContainerItemProxy section */
		FF1A4AB824BF3B310031331A /* PBXContainerItemProxy */ = {
			isa = PBXContainerItemProxy;
			containerPortal = FF1A4A9724BF3B2B0031331A /* Project object */;
			proxyType = 1;
			remoteGlobalIDString = FF1A4A9E24BF3B2B0031331A;
			remoteInfo = "UVU Courses";
		};
		FF1A4AC324BF3B310031331A /* PBXContainerItemProxy */ = {
			isa = PBXContainerItemProxy;
			containerPortal = FF1A4A9724BF3B2B0031331A /* Project object */;
			proxyType = 1;
			remoteGlobalIDString = FF1A4A9E24BF3B2B0031331A;
			remoteInfo = "UVU Courses";
		};
/* End PBXContainerItemProxy section */

/* Begin PBXFileReference section */
		0FC205C4BB80264BB9BE0665 /* Pods_UVU_Courses_UVU_CoursesUITests.framework */ = {isa = PBXFileReference; explicitFileType = wrapper.framework; includeInIndex = 0; path = Pods_UVU_Courses_UVU_CoursesUITests.framework; sourceTree = BUILT_PRODUCTS_DIR; };
		3C3AA75F00E4B94FB17AA1A9 /* Pods_UVU_Courses.framework */ = {isa = PBXFileReference; explicitFileType = wrapper.framework; includeInIndex = 0; path = Pods_UVU_Courses.framework; sourceTree = BUILT_PRODUCTS_DIR; };
		426BF517BC4396733E21940C /* Pods-UVU Courses-UVU CoursesUITests.release.xcconfig */ = {isa = PBXFileReference; includeInIndex = 1; lastKnownFileType = text.xcconfig; name = "Pods-UVU Courses-UVU CoursesUITests.release.xcconfig"; path = "Target Support Files/Pods-UVU Courses-UVU CoursesUITests/Pods-UVU Courses-UVU CoursesUITests.release.xcconfig"; sourceTree = "<group>"; };
		7BC4123D6E95D8BA67309AE9 /* Pods-UVU Courses.release.xcconfig */ = {isa = PBXFileReference; includeInIndex = 1; lastKnownFileType = text.xcconfig; name = "Pods-UVU Courses.release.xcconfig"; path = "Target Support Files/Pods-UVU Courses/Pods-UVU Courses.release.xcconfig"; sourceTree = "<group>"; };
		80B81D86725A1ADC0A685BD5 /* Pods-UVU CoursesTests.release.xcconfig */ = {isa = PBXFileReference; includeInIndex = 1; lastKnownFileType = text.xcconfig; name = "Pods-UVU CoursesTests.release.xcconfig"; path = "Target Support Files/Pods-UVU CoursesTests/Pods-UVU CoursesTests.release.xcconfig"; sourceTree = "<group>"; };
		A556C4B006A4D24405F0CB9E /* Pods-UVU CoursesTests.debug.xcconfig */ = {isa = PBXFileReference; includeInIndex = 1; lastKnownFileType = text.xcconfig; name = "Pods-UVU CoursesTests.debug.xcconfig"; path = "Target Support Files/Pods-UVU CoursesTests/Pods-UVU CoursesTests.debug.xcconfig"; sourceTree = "<group>"; };
		B108341AF1F4619E30115509 /* Pods-UVU Courses.debug.xcconfig */ = {isa = PBXFileReference; includeInIndex = 1; lastKnownFileType = text.xcconfig; name = "Pods-UVU Courses.debug.xcconfig"; path = "Target Support Files/Pods-UVU Courses/Pods-UVU Courses.debug.xcconfig"; sourceTree = "<group>"; };
		C0B4598B109138F254354A8F /* Pods-UVU Courses-UVU CoursesUITests.debug.xcconfig */ = {isa = PBXFileReference; includeInIndex = 1; lastKnownFileType = text.xcconfig; name = "Pods-UVU Courses-UVU CoursesUITests.debug.xcconfig"; path = "Target Support Files/Pods-UVU Courses-UVU CoursesUITests/Pods-UVU Courses-UVU CoursesUITests.debug.xcconfig"; sourceTree = "<group>"; };
		D1A540B3997F088FD17B7E6B /* Pods_UVU_CoursesTests.framework */ = {isa = PBXFileReference; explicitFileType = wrapper.framework; includeInIndex = 0; path = Pods_UVU_CoursesTests.framework; sourceTree = BUILT_PRODUCTS_DIR; };
		FF1A4A9F24BF3B2B0031331A /* UVU Courses.app */ = {isa = PBXFileReference; explicitFileType = wrapper.application; includeInIndex = 0; path = "UVU Courses.app"; sourceTree = BUILT_PRODUCTS_DIR; };
		FF1A4AA224BF3B2B0031331A /* AppDelegate.swift */ = {isa = PBXFileReference; lastKnownFileType = sourcecode.swift; path = AppDelegate.swift; sourceTree = "<group>"; };
		FF1A4AA424BF3B2B0031331A /* SceneDelegate.swift */ = {isa = PBXFileReference; lastKnownFileType = sourcecode.swift; path = SceneDelegate.swift; sourceTree = "<group>"; };
		FF1A4AAB24BF3B2C0031331A /* Base */ = {isa = PBXFileReference; lastKnownFileType = file.storyboard; name = Base; path = Base.lproj/Main.storyboard; sourceTree = "<group>"; };
		FF1A4AAD24BF3B310031331A /* Assets.xcassets */ = {isa = PBXFileReference; lastKnownFileType = folder.assetcatalog; path = Assets.xcassets; sourceTree = "<group>"; };
		FF1A4AB024BF3B310031331A /* Base */ = {isa = PBXFileReference; lastKnownFileType = file.storyboard; name = Base; path = Base.lproj/LaunchScreen.storyboard; sourceTree = "<group>"; };
		FF1A4AB224BF3B310031331A /* Info.plist */ = {isa = PBXFileReference; lastKnownFileType = text.plist.xml; path = Info.plist; sourceTree = "<group>"; };
		FF1A4AB724BF3B310031331A /* UVU CoursesTests.xctest */ = {isa = PBXFileReference; explicitFileType = wrapper.cfbundle; includeInIndex = 0; path = "UVU CoursesTests.xctest"; sourceTree = BUILT_PRODUCTS_DIR; };
		FF1A4ABB24BF3B310031331A /* UVU_CoursesTests.swift */ = {isa = PBXFileReference; lastKnownFileType = sourcecode.swift; path = UVU_CoursesTests.swift; sourceTree = "<group>"; };
		FF1A4ABD24BF3B310031331A /* Info.plist */ = {isa = PBXFileReference; lastKnownFileType = text.plist.xml; path = Info.plist; sourceTree = "<group>"; };
		FF1A4AC224BF3B310031331A /* UVU CoursesUITests.xctest */ = {isa = PBXFileReference; explicitFileType = wrapper.cfbundle; includeInIndex = 0; path = "UVU CoursesUITests.xctest"; sourceTree = BUILT_PRODUCTS_DIR; };
		FF1A4AC624BF3B310031331A /* UVU_CoursesUITests.swift */ = {isa = PBXFileReference; lastKnownFileType = sourcecode.swift; path = UVU_CoursesUITests.swift; sourceTree = "<group>"; };
		FF1A4AC824BF3B310031331A /* Info.plist */ = {isa = PBXFileReference; lastKnownFileType = text.plist.xml; path = Info.plist; sourceTree = "<group>"; };
		FF1A4AD624BF3C1B0031331A /* SearchTableViewController.swift */ = {isa = PBXFileReference; lastKnownFileType = sourcecode.swift; path = SearchTableViewController.swift; sourceTree = "<group>"; };
		FF1A4AD824BF3C480031331A /* MyProfileViewController.swift */ = {isa = PBXFileReference; lastKnownFileType = sourcecode.swift; path = MyProfileViewController.swift; sourceTree = "<group>"; };
		FF1A4ADB24BF3E850031331A /* CatalogTableViewController.swift */ = {isa = PBXFileReference; lastKnownFileType = sourcecode.swift; path = CatalogTableViewController.swift; sourceTree = "<group>"; };
		FF1A4ADD24BF449C0031331A /* Courses.swift */ = {isa = PBXFileReference; lastKnownFileType = sourcecode.swift; path = Courses.swift; sourceTree = "<group>"; };
		FF1A4ADF24C0956D0031331A /* test.swift */ = {isa = PBXFileReference; lastKnownFileType = sourcecode.swift; path = test.swift; sourceTree = "<group>"; };
		FF1A4AE124C0C5420031331A /* CoursesTableViewController.swift */ = {isa = PBXFileReference; lastKnownFileType = sourcecode.swift; path = CoursesTableViewController.swift; sourceTree = "<group>"; };
		FF1A4AE324C212730031331A /* CourseReviewsTableViewController.swift */ = {isa = PBXFileReference; lastKnownFileType = sourcecode.swift; path = CourseReviewsTableViewController.swift; sourceTree = "<group>"; };
		FF1A4AE524C214170031331A /* AddReviewViewController.swift */ = {isa = PBXFileReference; lastKnownFileType = sourcecode.swift; path = AddReviewViewController.swift; sourceTree = "<group>"; };
		FFFBE0C524C87E0500B0CB17 /* Review.swift */ = {isa = PBXFileReference; lastKnownFileType = sourcecode.swift; path = Review.swift; sourceTree = "<group>"; };
		FFFBE0C724C8825000B0CB17 /* GoogleService-Info.plist */ = {isa = PBXFileReference; lastKnownFileType = text.plist; path = "GoogleService-Info.plist"; sourceTree = SOURCE_ROOT; };
/* End PBXFileReference section */

/* Begin PBXFrameworksBuildPhase section */
		FF1A4A9C24BF3B2B0031331A /* Frameworks */ = {
			isa = PBXFrameworksBuildPhase;
			buildActionMask = 2147483647;
			files = (
				863EA3E672275F8F560F5B8F /* Pods_UVU_Courses.framework in Frameworks */,
			);
			runOnlyForDeploymentPostprocessing = 0;
		};
		FF1A4AB424BF3B310031331A /* Frameworks */ = {
			isa = PBXFrameworksBuildPhase;
			buildActionMask = 2147483647;
			files = (
				DCB88F2D74B9270138C45587 /* Pods_UVU_CoursesTests.framework in Frameworks */,
			);
			runOnlyForDeploymentPostprocessing = 0;
		};
		FF1A4ABF24BF3B310031331A /* Frameworks */ = {
			isa = PBXFrameworksBuildPhase;
			buildActionMask = 2147483647;
			files = (
				E3BC2698F268FCC92B33FE43 /* Pods_UVU_Courses_UVU_CoursesUITests.framework in Frameworks */,
			);
			runOnlyForDeploymentPostprocessing = 0;
		};
/* End PBXFrameworksBuildPhase section */

/* Begin PBXGroup section */
		38E2E2944841F49B38D6A13E /* Frameworks */ = {
			isa = PBXGroup;
			children = (
				3C3AA75F00E4B94FB17AA1A9 /* Pods_UVU_Courses.framework */,
				0FC205C4BB80264BB9BE0665 /* Pods_UVU_Courses_UVU_CoursesUITests.framework */,
				D1A540B3997F088FD17B7E6B /* Pods_UVU_CoursesTests.framework */,
			);
			name = Frameworks;
			sourceTree = "<group>";
		};
		875302596A7257E059894202 /* Pods */ = {
			isa = PBXGroup;
			children = (
				B108341AF1F4619E30115509 /* Pods-UVU Courses.debug.xcconfig */,
				7BC4123D6E95D8BA67309AE9 /* Pods-UVU Courses.release.xcconfig */,
				C0B4598B109138F254354A8F /* Pods-UVU Courses-UVU CoursesUITests.debug.xcconfig */,
				426BF517BC4396733E21940C /* Pods-UVU Courses-UVU CoursesUITests.release.xcconfig */,
				A556C4B006A4D24405F0CB9E /* Pods-UVU CoursesTests.debug.xcconfig */,
				80B81D86725A1ADC0A685BD5 /* Pods-UVU CoursesTests.release.xcconfig */,
			);
			path = Pods;
			sourceTree = "<group>";
		};
		FF1A4A9624BF3B2B0031331A = {
			isa = PBXGroup;
			children = (
				FF1A4AA124BF3B2B0031331A /* UVU Courses */,
				FF1A4ABA24BF3B310031331A /* UVU CoursesTests */,
				FF1A4AC524BF3B310031331A /* UVU CoursesUITests */,
				FF1A4AA024BF3B2B0031331A /* Products */,
				875302596A7257E059894202 /* Pods */,
				38E2E2944841F49B38D6A13E /* Frameworks */,
			);
			sourceTree = "<group>";
		};
		FF1A4AA024BF3B2B0031331A /* Products */ = {
			isa = PBXGroup;
			children = (
				FF1A4A9F24BF3B2B0031331A /* UVU Courses.app */,
				FF1A4AB724BF3B310031331A /* UVU CoursesTests.xctest */,
				FF1A4AC224BF3B310031331A /* UVU CoursesUITests.xctest */,
			);
			name = Products;
			sourceTree = "<group>";
		};
		FF1A4AA124BF3B2B0031331A /* UVU Courses */ = {
			isa = PBXGroup;
			children = (
				FF1A4AA224BF3B2B0031331A /* AppDelegate.swift */,
				FFFBE0C724C8825000B0CB17 /* GoogleService-Info.plist */,
				FF1A4AA424BF3B2B0031331A /* SceneDelegate.swift */,
				FF1A4AAA24BF3B2C0031331A /* Main.storyboard */,
				FF1A4AAD24BF3B310031331A /* Assets.xcassets */,
				FF1A4AAF24BF3B310031331A /* LaunchScreen.storyboard */,
				FF1A4AB224BF3B310031331A /* Info.plist */,
				FF1A4ADA24BF3E0C0031331A /* Controllers */,
				FFFBE0C424C87DF000B0CB17 /* Models */,
			);
			path = "UVU Courses";
			sourceTree = "<group>";
		};
		FF1A4ABA24BF3B310031331A /* UVU CoursesTests */ = {
			isa = PBXGroup;
			children = (
				FF1A4ABB24BF3B310031331A /* UVU_CoursesTests.swift */,
				FF1A4ABD24BF3B310031331A /* Info.plist */,
			);
			path = "UVU CoursesTests";
			sourceTree = "<group>";
		};
		FF1A4AC524BF3B310031331A /* UVU CoursesUITests */ = {
			isa = PBXGroup;
			children = (
				FF1A4AC624BF3B310031331A /* UVU_CoursesUITests.swift */,
				FF1A4AC824BF3B310031331A /* Info.plist */,
			);
			path = "UVU CoursesUITests";
			sourceTree = "<group>";
		};
		FF1A4ADA24BF3E0C0031331A /* Controllers */ = {
			isa = PBXGroup;
			children = (
				FF1A4AD624BF3C1B0031331A /* SearchTableViewController.swift */,
				FF1A4AD824BF3C480031331A /* MyProfileViewController.swift */,
				FF1A4ADB24BF3E850031331A /* CatalogTableViewController.swift */,
				FF1A4AE124C0C5420031331A /* CoursesTableViewController.swift */,
				FF1A4AE324C212730031331A /* CourseReviewsTableViewController.swift */,
				FF1A4AE524C214170031331A /* AddReviewViewController.swift */,
			);
			path = Controllers;
			sourceTree = "<group>";
		};
		FFFBE0C424C87DF000B0CB17 /* Models */ = {
			isa = PBXGroup;
			children = (
				FF1A4ADF24C0956D0031331A /* test.swift */,
				FF1A4ADD24BF449C0031331A /* Courses.swift */,
				FFFBE0C524C87E0500B0CB17 /* Review.swift */,
			);
			path = Models;
			sourceTree = "<group>";
		};
/* End PBXGroup section */

/* Begin PBXNativeTarget section */
		FF1A4A9E24BF3B2B0031331A /* UVU Courses */ = {
			isa = PBXNativeTarget;
			buildConfigurationList = FF1A4ACB24BF3B310031331A /* Build configuration list for PBXNativeTarget "UVU Courses" */;
			buildPhases = (
				F3CD22AA27004FD5A67F1D6E /* [CP] Check Pods Manifest.lock */,
				FF1A4A9B24BF3B2B0031331A /* Sources */,
				FF1A4A9C24BF3B2B0031331A /* Frameworks */,
				FF1A4A9D24BF3B2B0031331A /* Resources */,
				D361FCEEAFD730D27A1E7770 /* [CP] Embed Pods Frameworks */,
			);
			buildRules = (
			);
			dependencies = (
			);
			name = "UVU Courses";
			productName = "UVU Courses";
			productReference = FF1A4A9F24BF3B2B0031331A /* UVU Courses.app */;
			productType = "com.apple.product-type.application";
		};
		FF1A4AB624BF3B310031331A /* UVU CoursesTests */ = {
			isa = PBXNativeTarget;
			buildConfigurationList = FF1A4ACE24BF3B310031331A /* Build configuration list for PBXNativeTarget "UVU CoursesTests" */;
			buildPhases = (
				C3A052D3CE0BFCDA8CC77DE7 /* [CP] Check Pods Manifest.lock */,
				FF1A4AB324BF3B310031331A /* Sources */,
				FF1A4AB424BF3B310031331A /* Frameworks */,
				FF1A4AB524BF3B310031331A /* Resources */,
			);
			buildRules = (
			);
			dependencies = (
				FF1A4AB924BF3B310031331A /* PBXTargetDependency */,
			);
			name = "UVU CoursesTests";
			productName = "UVU CoursesTests";
			productReference = FF1A4AB724BF3B310031331A /* UVU CoursesTests.xctest */;
			productType = "com.apple.product-type.bundle.unit-test";
		};
		FF1A4AC124BF3B310031331A /* UVU CoursesUITests */ = {
			isa = PBXNativeTarget;
			buildConfigurationList = FF1A4AD124BF3B310031331A /* Build configuration list for PBXNativeTarget "UVU CoursesUITests" */;
			buildPhases = (
				CF44D22D882F251892878233 /* [CP] Check Pods Manifest.lock */,
				FF1A4ABE24BF3B310031331A /* Sources */,
				FF1A4ABF24BF3B310031331A /* Frameworks */,
				FF1A4AC024BF3B310031331A /* Resources */,
				8E220B7C52881B8F40156ADF /* [CP] Embed Pods Frameworks */,
			);
			buildRules = (
			);
			dependencies = (
				FF1A4AC424BF3B310031331A /* PBXTargetDependency */,
			);
			name = "UVU CoursesUITests";
			productName = "UVU CoursesUITests";
			productReference = FF1A4AC224BF3B310031331A /* UVU CoursesUITests.xctest */;
			productType = "com.apple.product-type.bundle.ui-testing";
		};
/* End PBXNativeTarget section */

/* Begin PBXProject section */
		FF1A4A9724BF3B2B0031331A /* Project object */ = {
			isa = PBXProject;
			attributes = {
				LastSwiftUpdateCheck = 1150;
				LastUpgradeCheck = 1150;
				ORGANIZATIONNAME = "Chris Withers";
				TargetAttributes = {
					FF1A4A9E24BF3B2B0031331A = {
						CreatedOnToolsVersion = 11.5;
					};
					FF1A4AB624BF3B310031331A = {
						CreatedOnToolsVersion = 11.5;
						TestTargetID = FF1A4A9E24BF3B2B0031331A;
					};
					FF1A4AC124BF3B310031331A = {
						CreatedOnToolsVersion = 11.5;
						TestTargetID = FF1A4A9E24BF3B2B0031331A;
					};
				};
			};
			buildConfigurationList = FF1A4A9A24BF3B2B0031331A /* Build configuration list for PBXProject "UVU Courses" */;
			compatibilityVersion = "Xcode 9.3";
			developmentRegion = en;
			hasScannedForEncodings = 0;
			knownRegions = (
				en,
				Base,
			);
			mainGroup = FF1A4A9624BF3B2B0031331A;
			productRefGroup = FF1A4AA024BF3B2B0031331A /* Products */;
			projectDirPath = "";
			projectRoot = "";
			targets = (
				FF1A4A9E24BF3B2B0031331A /* UVU Courses */,
				FF1A4AB624BF3B310031331A /* UVU CoursesTests */,
				FF1A4AC124BF3B310031331A /* UVU CoursesUITests */,
			);
		};
/* End PBXProject section */

/* Begin PBXResourcesBuildPhase section */
		FF1A4A9D24BF3B2B0031331A /* Resources */ = {
			isa = PBXResourcesBuildPhase;
			buildActionMask = 2147483647;
			files = (
				FF1A4AB124BF3B310031331A /* LaunchScreen.storyboard in Resources */,
				FFFBE0C824C8825100B0CB17 /* GoogleService-Info.plist in Resources */,
				FF1A4AAE24BF3B310031331A /* Assets.xcassets in Resources */,
				FF1A4AAC24BF3B2C0031331A /* Main.storyboard in Resources */,
			);
			runOnlyForDeploymentPostprocessing = 0;
		};
		FF1A4AB524BF3B310031331A /* Resources */ = {
			isa = PBXResourcesBuildPhase;
			buildActionMask = 2147483647;
			files = (
			);
			runOnlyForDeploymentPostprocessing = 0;
		};
		FF1A4AC024BF3B310031331A /* Resources */ = {
			isa = PBXResourcesBuildPhase;
			buildActionMask = 2147483647;
			files = (
			);
			runOnlyForDeploymentPostprocessing = 0;
		};
/* End PBXResourcesBuildPhase section */

/* Begin PBXShellScriptBuildPhase section */
		8E220B7C52881B8F40156ADF /* [CP] Embed Pods Frameworks */ = {
			isa = PBXShellScriptBuildPhase;
			buildActionMask = 2147483647;
			files = (
			);
			inputFileListPaths = (
				"${PODS_ROOT}/Target Support Files/Pods-UVU Courses-UVU CoursesUITests/Pods-UVU Courses-UVU CoursesUITests-frameworks-${CONFIGURATION}-input-files.xcfilelist",
			);
			name = "[CP] Embed Pods Frameworks";
			outputFileListPaths = (
				"${PODS_ROOT}/Target Support Files/Pods-UVU Courses-UVU CoursesUITests/Pods-UVU Courses-UVU CoursesUITests-frameworks-${CONFIGURATION}-output-files.xcfilelist",
			);
			runOnlyForDeploymentPostprocessing = 0;
			shellPath = /bin/sh;
			shellScript = "\"${PODS_ROOT}/Target Support Files/Pods-UVU Courses-UVU CoursesUITests/Pods-UVU Courses-UVU CoursesUITests-frameworks.sh\"\n";
			showEnvVarsInLog = 0;
		};
		C3A052D3CE0BFCDA8CC77DE7 /* [CP] Check Pods Manifest.lock */ = {
			isa = PBXShellScriptBuildPhase;
			buildActionMask = 2147483647;
			files = (
			);
			inputFileListPaths = (
			);
			inputPaths = (
				"${PODS_PODFILE_DIR_PATH}/Podfile.lock",
				"${PODS_ROOT}/Manifest.lock",
			);
			name = "[CP] Check Pods Manifest.lock";
			outputFileListPaths = (
			);
			outputPaths = (
				"$(DERIVED_FILE_DIR)/Pods-UVU CoursesTests-checkManifestLockResult.txt",
			);
			runOnlyForDeploymentPostprocessing = 0;
			shellPath = /bin/sh;
			shellScript = "diff \"${PODS_PODFILE_DIR_PATH}/Podfile.lock\" \"${PODS_ROOT}/Manifest.lock\" > /dev/null\nif [ $? != 0 ] ; then\n    # print error to STDERR\n    echo \"error: The sandbox is not in sync with the Podfile.lock. Run 'pod install' or update your CocoaPods installation.\" >&2\n    exit 1\nfi\n# This output is used by Xcode 'outputs' to avoid re-running this script phase.\necho \"SUCCESS\" > \"${SCRIPT_OUTPUT_FILE_0}\"\n";
			showEnvVarsInLog = 0;
		};
		CF44D22D882F251892878233 /* [CP] Check Pods Manifest.lock */ = {
			isa = PBXShellScriptBuildPhase;
			buildActionMask = 2147483647;
			files = (
			);
			inputFileListPaths = (
			);
			inputPaths = (
				"${PODS_PODFILE_DIR_PATH}/Podfile.lock",
				"${PODS_ROOT}/Manifest.lock",
			);
			name = "[CP] Check Pods Manifest.lock";
			outputFileListPaths = (
			);
			outputPaths = (
				"$(DERIVED_FILE_DIR)/Pods-UVU Courses-UVU CoursesUITests-checkManifestLockResult.txt",
			);
			runOnlyForDeploymentPostprocessing = 0;
			shellPath = /bin/sh;
			shellScript = "diff \"${PODS_PODFILE_DIR_PATH}/Podfile.lock\" \"${PODS_ROOT}/Manifest.lock\" > /dev/null\nif [ $? != 0 ] ; then\n    # print error to STDERR\n    echo \"error: The sandbox is not in sync with the Podfile.lock. Run 'pod install' or update your CocoaPods installation.\" >&2\n    exit 1\nfi\n# This output is used by Xcode 'outputs' to avoid re-running this script phase.\necho \"SUCCESS\" > \"${SCRIPT_OUTPUT_FILE_0}\"\n";
			showEnvVarsInLog = 0;
		};
		D361FCEEAFD730D27A1E7770 /* [CP] Embed Pods Frameworks */ = {
			isa = PBXShellScriptBuildPhase;
			buildActionMask = 2147483647;
			files = (
			);
			inputFileListPaths = (
				"${PODS_ROOT}/Target Support Files/Pods-UVU Courses/Pods-UVU Courses-frameworks-${CONFIGURATION}-input-files.xcfilelist",
			);
			name = "[CP] Embed Pods Frameworks";
			outputFileListPaths = (
				"${PODS_ROOT}/Target Support Files/Pods-UVU Courses/Pods-UVU Courses-frameworks-${CONFIGURATION}-output-files.xcfilelist",
			);
			runOnlyForDeploymentPostprocessing = 0;
			shellPath = /bin/sh;
			shellScript = "\"${PODS_ROOT}/Target Support Files/Pods-UVU Courses/Pods-UVU Courses-frameworks.sh\"\n";
			showEnvVarsInLog = 0;
		};
		F3CD22AA27004FD5A67F1D6E /* [CP] Check Pods Manifest.lock */ = {
			isa = PBXShellScriptBuildPhase;
			buildActionMask = 2147483647;
			files = (
			);
			inputFileListPaths = (
			);
			inputPaths = (
				"${PODS_PODFILE_DIR_PATH}/Podfile.lock",
				"${PODS_ROOT}/Manifest.lock",
			);
			name = "[CP] Check Pods Manifest.lock";
			outputFileListPaths = (
			);
			outputPaths = (
				"$(DERIVED_FILE_DIR)/Pods-UVU Courses-checkManifestLockResult.txt",
			);
			runOnlyForDeploymentPostprocessing = 0;
			shellPath = /bin/sh;
			shellScript = "diff \"${PODS_PODFILE_DIR_PATH}/Podfile.lock\" \"${PODS_ROOT}/Manifest.lock\" > /dev/null\nif [ $? != 0 ] ; then\n    # print error to STDERR\n    echo \"error: The sandbox is not in sync with the Podfile.lock. Run 'pod install' or update your CocoaPods installation.\" >&2\n    exit 1\nfi\n# This output is used by Xcode 'outputs' to avoid re-running this script phase.\necho \"SUCCESS\" > \"${SCRIPT_OUTPUT_FILE_0}\"\n";
			showEnvVarsInLog = 0;
		};
/* End PBXShellScriptBuildPhase section */

/* Begin PBXSourcesBuildPhase section */
		FF1A4A9B24BF3B2B0031331A /* Sources */ = {
			isa = PBXSourcesBuildPhase;
			buildActionMask = 2147483647;
			files = (
				FF1A4ADC24BF3E850031331A /* CatalogTableViewController.swift in Sources */,
				FF1A4AD924BF3C480031331A /* MyProfileViewController.swift in Sources */,
				FF1A4AE424C212730031331A /* CourseReviewsTableViewController.swift in Sources */,
				FF1A4ADE24BF449C0031331A /* Courses.swift in Sources */,
				FF1A4AA324BF3B2B0031331A /* AppDelegate.swift in Sources */,
				FF1A4AE224C0C5420031331A /* CoursesTableViewController.swift in Sources */,
				FFFBE0C624C87E0500B0CB17 /* Review.swift in Sources */,
				FF1A4AD724BF3C1B0031331A /* SearchTableViewController.swift in Sources */,
				FF1A4AA524BF3B2B0031331A /* SceneDelegate.swift in Sources */,
				FF1A4AE624C214170031331A /* AddReviewViewController.swift in Sources */,
				FF1A4AE024C0956D0031331A /* test.swift in Sources */,
			);
			runOnlyForDeploymentPostprocessing = 0;
		};
		FF1A4AB324BF3B310031331A /* Sources */ = {
			isa = PBXSourcesBuildPhase;
			buildActionMask = 2147483647;
			files = (
				FF1A4ABC24BF3B310031331A /* UVU_CoursesTests.swift in Sources */,
			);
			runOnlyForDeploymentPostprocessing = 0;
		};
		FF1A4ABE24BF3B310031331A /* Sources */ = {
			isa = PBXSourcesBuildPhase;
			buildActionMask = 2147483647;
			files = (
				FF1A4AC724BF3B310031331A /* UVU_CoursesUITests.swift in Sources */,
			);
			runOnlyForDeploymentPostprocessing = 0;
		};
/* End PBXSourcesBuildPhase section */

/* Begin PBXTargetDependency section */
		FF1A4AB924BF3B310031331A /* PBXTargetDependency */ = {
			isa = PBXTargetDependency;
			target = FF1A4A9E24BF3B2B0031331A /* UVU Courses */;
			targetProxy = FF1A4AB824BF3B310031331A /* PBXContainerItemProxy */;
		};
		FF1A4AC424BF3B310031331A /* PBXTargetDependency */ = {
			isa = PBXTargetDependency;
			target = FF1A4A9E24BF3B2B0031331A /* UVU Courses */;
			targetProxy = FF1A4AC324BF3B310031331A /* PBXContainerItemProxy */;
		};
/* End PBXTargetDependency section */

/* Begin PBXVariantGroup section */
		FF1A4AAA24BF3B2C0031331A /* Main.storyboard */ = {
			isa = PBXVariantGroup;
			children = (
				FF1A4AAB24BF3B2C0031331A /* Base */,
			);
			name = Main.storyboard;
			sourceTree = "<group>";
		};
		FF1A4AAF24BF3B310031331A /* LaunchScreen.storyboard */ = {
			isa = PBXVariantGroup;
			children = (
				FF1A4AB024BF3B310031331A /* Base */,
			);
			name = LaunchScreen.storyboard;
			sourceTree = "<group>";
		};
/* End PBXVariantGroup section */

/* Begin XCBuildConfiguration section */
		FF1A4AC924BF3B310031331A /* Debug */ = {
			isa = XCBuildConfiguration;
			buildSettings = {
				ALWAYS_SEARCH_USER_PATHS = NO;
				CLANG_ANALYZER_NONNULL = YES;
				CLANG_ANALYZER_NUMBER_OBJECT_CONVERSION = YES_AGGRESSIVE;
				CLANG_CXX_LANGUAGE_STANDARD = "gnu++14";
				CLANG_CXX_LIBRARY = "libc++";
				CLANG_ENABLE_MODULES = YES;
				CLANG_ENABLE_OBJC_ARC = YES;
				CLANG_ENABLE_OBJC_WEAK = YES;
				CLANG_WARN_BLOCK_CAPTURE_AUTORELEASING = YES;
				CLANG_WARN_BOOL_CONVERSION = YES;
				CLANG_WARN_COMMA = YES;
				CLANG_WARN_CONSTANT_CONVERSION = YES;
				CLANG_WARN_DEPRECATED_OBJC_IMPLEMENTATIONS = YES;
				CLANG_WARN_DIRECT_OBJC_ISA_USAGE = YES_ERROR;
				CLANG_WARN_DOCUMENTATION_COMMENTS = YES;
				CLANG_WARN_EMPTY_BODY = YES;
				CLANG_WARN_ENUM_CONVERSION = YES;
				CLANG_WARN_INFINITE_RECURSION = YES;
				CLANG_WARN_INT_CONVERSION = YES;
				CLANG_WARN_NON_LITERAL_NULL_CONVERSION = YES;
				CLANG_WARN_OBJC_IMPLICIT_RETAIN_SELF = YES;
				CLANG_WARN_OBJC_LITERAL_CONVERSION = YES;
				CLANG_WARN_OBJC_ROOT_CLASS = YES_ERROR;
				CLANG_WARN_RANGE_LOOP_ANALYSIS = YES;
				CLANG_WARN_STRICT_PROTOTYPES = YES;
				CLANG_WARN_SUSPICIOUS_MOVE = YES;
				CLANG_WARN_UNGUARDED_AVAILABILITY = YES_AGGRESSIVE;
				CLANG_WARN_UNREACHABLE_CODE = YES;
				CLANG_WARN__DUPLICATE_METHOD_MATCH = YES;
				COPY_PHASE_STRIP = NO;
				DEBUG_INFORMATION_FORMAT = dwarf;
				ENABLE_STRICT_OBJC_MSGSEND = YES;
				ENABLE_TESTABILITY = YES;
				GCC_C_LANGUAGE_STANDARD = gnu11;
				GCC_DYNAMIC_NO_PIC = NO;
				GCC_NO_COMMON_BLOCKS = YES;
				GCC_OPTIMIZATION_LEVEL = 0;
				GCC_PREPROCESSOR_DEFINITIONS = (
					"DEBUG=1",
					"$(inherited)",
				);
				GCC_WARN_64_TO_32_BIT_CONVERSION = YES;
				GCC_WARN_ABOUT_RETURN_TYPE = YES_ERROR;
				GCC_WARN_UNDECLARED_SELECTOR = YES;
				GCC_WARN_UNINITIALIZED_AUTOS = YES_AGGRESSIVE;
				GCC_WARN_UNUSED_FUNCTION = YES;
				GCC_WARN_UNUSED_VARIABLE = YES;
				IPHONEOS_DEPLOYMENT_TARGET = 13.5;
				MTL_ENABLE_DEBUG_INFO = INCLUDE_SOURCE;
				MTL_FAST_MATH = YES;
				ONLY_ACTIVE_ARCH = YES;
				SDKROOT = iphoneos;
				SWIFT_ACTIVE_COMPILATION_CONDITIONS = DEBUG;
				SWIFT_OPTIMIZATION_LEVEL = "-Onone";
			};
			name = Debug;
		};
		FF1A4ACA24BF3B310031331A /* Release */ = {
			isa = XCBuildConfiguration;
			buildSettings = {
				ALWAYS_SEARCH_USER_PATHS = NO;
				CLANG_ANALYZER_NONNULL = YES;
				CLANG_ANALYZER_NUMBER_OBJECT_CONVERSION = YES_AGGRESSIVE;
				CLANG_CXX_LANGUAGE_STANDARD = "gnu++14";
				CLANG_CXX_LIBRARY = "libc++";
				CLANG_ENABLE_MODULES = YES;
				CLANG_ENABLE_OBJC_ARC = YES;
				CLANG_ENABLE_OBJC_WEAK = YES;
				CLANG_WARN_BLOCK_CAPTURE_AUTORELEASING = YES;
				CLANG_WARN_BOOL_CONVERSION = YES;
				CLANG_WARN_COMMA = YES;
				CLANG_WARN_CONSTANT_CONVERSION = YES;
				CLANG_WARN_DEPRECATED_OBJC_IMPLEMENTATIONS = YES;
				CLANG_WARN_DIRECT_OBJC_ISA_USAGE = YES_ERROR;
				CLANG_WARN_DOCUMENTATION_COMMENTS = YES;
				CLANG_WARN_EMPTY_BODY = YES;
				CLANG_WARN_ENUM_CONVERSION = YES;
				CLANG_WARN_INFINITE_RECURSION = YES;
				CLANG_WARN_INT_CONVERSION = YES;
				CLANG_WARN_NON_LITERAL_NULL_CONVERSION = YES;
				CLANG_WARN_OBJC_IMPLICIT_RETAIN_SELF = YES;
				CLANG_WARN_OBJC_LITERAL_CONVERSION = YES;
				CLANG_WARN_OBJC_ROOT_CLASS = YES_ERROR;
				CLANG_WARN_RANGE_LOOP_ANALYSIS = YES;
				CLANG_WARN_STRICT_PROTOTYPES = YES;
				CLANG_WARN_SUSPICIOUS_MOVE = YES;
				CLANG_WARN_UNGUARDED_AVAILABILITY = YES_AGGRESSIVE;
				CLANG_WARN_UNREACHABLE_CODE = YES;
				CLANG_WARN__DUPLICATE_METHOD_MATCH = YES;
				COPY_PHASE_STRIP = NO;
				DEBUG_INFORMATION_FORMAT = "dwarf-with-dsym";
				ENABLE_NS_ASSERTIONS = NO;
				ENABLE_STRICT_OBJC_MSGSEND = YES;
				GCC_C_LANGUAGE_STANDARD = gnu11;
				GCC_NO_COMMON_BLOCKS = YES;
				GCC_WARN_64_TO_32_BIT_CONVERSION = YES;
				GCC_WARN_ABOUT_RETURN_TYPE = YES_ERROR;
				GCC_WARN_UNDECLARED_SELECTOR = YES;
				GCC_WARN_UNINITIALIZED_AUTOS = YES_AGGRESSIVE;
				GCC_WARN_UNUSED_FUNCTION = YES;
				GCC_WARN_UNUSED_VARIABLE = YES;
				IPHONEOS_DEPLOYMENT_TARGET = 13.5;
				MTL_ENABLE_DEBUG_INFO = NO;
				MTL_FAST_MATH = YES;
				SDKROOT = iphoneos;
				SWIFT_COMPILATION_MODE = wholemodule;
				SWIFT_OPTIMIZATION_LEVEL = "-O";
				VALIDATE_PRODUCT = YES;
			};
			name = Release;
		};
		FF1A4ACC24BF3B310031331A /* Debug */ = {
			isa = XCBuildConfiguration;
			baseConfigurationReference = B108341AF1F4619E30115509 /* Pods-UVU Courses.debug.xcconfig */;
			buildSettings = {
				ASSETCATALOG_COMPILER_APPICON_NAME = AppIcon;
				CODE_SIGN_STYLE = Automatic;
				INFOPLIST_FILE = "UVU Courses/Info.plist";
				LD_RUNPATH_SEARCH_PATHS = (
					"$(inherited)",
					"@executable_path/Frameworks",
				);
				PRODUCT_BUNDLE_IDENTIFIER = "com.chriswithers456.UVU-Courses";
				PRODUCT_NAME = "$(TARGET_NAME)";
				SWIFT_VERSION = 5.0;
				TARGETED_DEVICE_FAMILY = "1,2";
			};
			name = Debug;
		};
		FF1A4ACD24BF3B310031331A /* Release */ = {
			isa = XCBuildConfiguration;
			baseConfigurationReference = 7BC4123D6E95D8BA67309AE9 /* Pods-UVU Courses.release.xcconfig */;
			buildSettings = {
				ASSETCATALOG_COMPILER_APPICON_NAME = AppIcon;
				CODE_SIGN_STYLE = Automatic;
				INFOPLIST_FILE = "UVU Courses/Info.plist";
				LD_RUNPATH_SEARCH_PATHS = (
					"$(inherited)",
					"@executable_path/Frameworks",
				);
				PRODUCT_BUNDLE_IDENTIFIER = "com.chriswithers456.UVU-Courses";
				PRODUCT_NAME = "$(TARGET_NAME)";
				SWIFT_VERSION = 5.0;
				TARGETED_DEVICE_FAMILY = "1,2";
			};
			name = Release;
		};
		FF1A4ACF24BF3B310031331A /* Debug */ = {
			isa = XCBuildConfiguration;
			baseConfigurationReference = A556C4B006A4D24405F0CB9E /* Pods-UVU CoursesTests.debug.xcconfig */;
			buildSettings = {
				ALWAYS_EMBED_SWIFT_STANDARD_LIBRARIES = YES;
				BUNDLE_LOADER = "$(TEST_HOST)";
				CODE_SIGN_STYLE = Automatic;
				INFOPLIST_FILE = "UVU CoursesTests/Info.plist";
				IPHONEOS_DEPLOYMENT_TARGET = 13.5;
				LD_RUNPATH_SEARCH_PATHS = (
					"$(inherited)",
					"@executable_path/Frameworks",
					"@loader_path/Frameworks",
				);
				PRODUCT_BUNDLE_IDENTIFIER = "com.chriswithers456.UVU-CoursesTests";
				PRODUCT_NAME = "$(TARGET_NAME)";
				SWIFT_VERSION = 5.0;
				TARGETED_DEVICE_FAMILY = "1,2";
				TEST_HOST = "$(BUILT_PRODUCTS_DIR)/UVU Courses.app/UVU Courses";
			};
			name = Debug;
		};
		FF1A4AD024BF3B310031331A /* Release */ = {
			isa = XCBuildConfiguration;
			baseConfigurationReference = 80B81D86725A1ADC0A685BD5 /* Pods-UVU CoursesTests.release.xcconfig */;
			buildSettings = {
				ALWAYS_EMBED_SWIFT_STANDARD_LIBRARIES = YES;
				BUNDLE_LOADER = "$(TEST_HOST)";
				CODE_SIGN_STYLE = Automatic;
				INFOPLIST_FILE = "UVU CoursesTests/Info.plist";
				IPHONEOS_DEPLOYMENT_TARGET = 13.5;
				LD_RUNPATH_SEARCH_PATHS = (
					"$(inherited)",
					"@executable_path/Frameworks",
					"@loader_path/Frameworks",
				);
				PRODUCT_BUNDLE_IDENTIFIER = "com.chriswithers456.UVU-CoursesTests";
				PRODUCT_NAME = "$(TARGET_NAME)";
				SWIFT_VERSION = 5.0;
				TARGETED_DEVICE_FAMILY = "1,2";
				TEST_HOST = "$(BUILT_PRODUCTS_DIR)/UVU Courses.app/UVU Courses";
			};
			name = Release;
		};
		FF1A4AD224BF3B310031331A /* Debug */ = {
			isa = XCBuildConfiguration;
			baseConfigurationReference = C0B4598B109138F254354A8F /* Pods-UVU Courses-UVU CoursesUITests.debug.xcconfig */;
			buildSettings = {
				ALWAYS_EMBED_SWIFT_STANDARD_LIBRARIES = YES;
				CODE_SIGN_STYLE = Automatic;
				INFOPLIST_FILE = "UVU CoursesUITests/Info.plist";
				LD_RUNPATH_SEARCH_PATHS = (
					"$(inherited)",
					"@executable_path/Frameworks",
					"@loader_path/Frameworks",
				);
				PRODUCT_BUNDLE_IDENTIFIER = "com.chriswithers456.UVU-CoursesUITests";
				PRODUCT_NAME = "$(TARGET_NAME)";
				SWIFT_VERSION = 5.0;
				TARGETED_DEVICE_FAMILY = "1,2";
				TEST_TARGET_NAME = "UVU Courses";
			};
			name = Debug;
		};
		FF1A4AD324BF3B310031331A /* Release */ = {
			isa = XCBuildConfiguration;
			baseConfigurationReference = 426BF517BC4396733E21940C /* Pods-UVU Courses-UVU CoursesUITests.release.xcconfig */;
			buildSettings = {
				ALWAYS_EMBED_SWIFT_STANDARD_LIBRARIES = YES;
				CODE_SIGN_STYLE = Automatic;
				INFOPLIST_FILE = "UVU CoursesUITests/Info.plist";
				LD_RUNPATH_SEARCH_PATHS = (
					"$(inherited)",
					"@executable_path/Frameworks",
					"@loader_path/Frameworks",
				);
				PRODUCT_BUNDLE_IDENTIFIER = "com.chriswithers456.UVU-CoursesUITests";
				PRODUCT_NAME = "$(TARGET_NAME)";
				SWIFT_VERSION = 5.0;
				TARGETED_DEVICE_FAMILY = "1,2";
				TEST_TARGET_NAME = "UVU Courses";
			};
			name = Release;
		};
/* End XCBuildConfiguration section */

/* Begin XCConfigurationList section */
		FF1A4A9A24BF3B2B0031331A /* Build configuration list for PBXProject "UVU Courses" */ = {
			isa = XCConfigurationList;
			buildConfigurations = (
				FF1A4AC924BF3B310031331A /* Debug */,
				FF1A4ACA24BF3B310031331A /* Release */,
			);
			defaultConfigurationIsVisible = 0;
			defaultConfigurationName = Release;
		};
		FF1A4ACB24BF3B310031331A /* Build configuration list for PBXNativeTarget "UVU Courses" */ = {
			isa = XCConfigurationList;
			buildConfigurations = (
				FF1A4ACC24BF3B310031331A /* Debug */,
				FF1A4ACD24BF3B310031331A /* Release */,
			);
			defaultConfigurationIsVisible = 0;
			defaultConfigurationName = Release;
		};
		FF1A4ACE24BF3B310031331A /* Build configuration list for PBXNativeTarget "UVU CoursesTests" */ = {
			isa = XCConfigurationList;
			buildConfigurations = (
				FF1A4ACF24BF3B310031331A /* Debug */,
				FF1A4AD024BF3B310031331A /* Release */,
			);
			defaultConfigurationIsVisible = 0;
			defaultConfigurationName = Release;
		};
		FF1A4AD124BF3B310031331A /* Build configuration list for PBXNativeTarget "UVU CoursesUITests" */ = {
			isa = XCConfigurationList;
			buildConfigurations = (
				FF1A4AD224BF3B310031331A /* Debug */,
				FF1A4AD324BF3B310031331A /* Release */,
			);
			defaultConfigurationIsVisible = 0;
			defaultConfigurationName = Release;
		};
/* End XCConfigurationList section */
	};
	rootObject = FF1A4A9724BF3B2B0031331A /* Project object */;
}
